// !$*UTF8*$!
{
	archiveVersion = 1;
	classes = {
	};
	objectVersion = 50;
	objects = {

/* Begin PBXBuildFile section */
		E7B0CE3B25B5D0C20065FCC4 /* AppDelegate.swift in Sources */ = {isa = PBXBuildFile; fileRef = E7B0CE3A25B5D0C20065FCC4 /* AppDelegate.swift */; };
		E7B0CE3D25B5D0C20065FCC4 /* SceneDelegate.swift in Sources */ = {isa = PBXBuildFile; fileRef = E7B0CE3C25B5D0C20065FCC4 /* SceneDelegate.swift */; };
		E7B0CE3F25B5D0C20065FCC4 /* ContentView.swift in Sources */ = {isa = PBXBuildFile; fileRef = E7B0CE3E25B5D0C20065FCC4 /* ContentView.swift */; };
		E7B0CE4225B5D0C20065FCC4 /* MyFavorites.xcdatamodeld in Sources */ = {isa = PBXBuildFile; fileRef = E7B0CE4025B5D0C20065FCC4 /* MyFavorites.xcdatamodeld */; };
		E7B0CE4425B5D0C30065FCC4 /* Assets.xcassets in Resources */ = {isa = PBXBuildFile; fileRef = E7B0CE4325B5D0C30065FCC4 /* Assets.xcassets */; };
		E7B0CE4725B5D0C30065FCC4 /* Preview Assets.xcassets in Resources */ = {isa = PBXBuildFile; fileRef = E7B0CE4625B5D0C30065FCC4 /* Preview Assets.xcassets */; };
		E7B0CE4A25B5D0C30065FCC4 /* LaunchScreen.storyboard in Resources */ = {isa = PBXBuildFile; fileRef = E7B0CE4825B5D0C30065FCC4 /* LaunchScreen.storyboard */; };
		E7B0CE5525B5D0C30065FCC4 /* MyFavoritesTests.swift in Sources */ = {isa = PBXBuildFile; fileRef = E7B0CE5425B5D0C30065FCC4 /* MyFavoritesTests.swift */; };
		E7B0CE6025B5D0C30065FCC4 /* MyFavoritesUITests.swift in Sources */ = {isa = PBXBuildFile; fileRef = E7B0CE5F25B5D0C30065FCC4 /* MyFavoritesUITests.swift */; };
		E7B0CE7125B5D60C0065FCC4 /* TextViews.swift in Sources */ = {isa = PBXBuildFile; fileRef = E7B0CE7025B5D60C0065FCC4 /* TextViews.swift */; };
		E7B0CEB925B5EC730065FCC4 /* Constants.swift in Sources */ = {isa = PBXBuildFile; fileRef = E7B0CEB825B5EC730065FCC4 /* Constants.swift */; };
/* End PBXBuildFile section */

/* Begin PBXContainerItemProxy section */
		E7B0CE5125B5D0C30065FCC4 /* PBXContainerItemProxy */ = {
			isa = PBXContainerItemProxy;
			containerPortal = E7B0CE2F25B5D0C20065FCC4 /* Project object */;
			proxyType = 1;
			remoteGlobalIDString = E7B0CE3625B5D0C20065FCC4;
			remoteInfo = MyFavorites;
		};
		E7B0CE5C25B5D0C30065FCC4 /* PBXContainerItemProxy */ = {
			isa = PBXContainerItemProxy;
			containerPortal = E7B0CE2F25B5D0C20065FCC4 /* Project object */;
			proxyType = 1;
			remoteGlobalIDString = E7B0CE3625B5D0C20065FCC4;
			remoteInfo = MyFavorites;
		};
/* End PBXContainerItemProxy section */

/* Begin PBXFileReference section */
		E7B0CE3725B5D0C20065FCC4 /* MyFavorites.app */ = {isa = PBXFileReference; explicitFileType = wrapper.application; includeInIndex = 0; path = MyFavorites.app; sourceTree = BUILT_PRODUCTS_DIR; };
		E7B0CE3A25B5D0C20065FCC4 /* AppDelegate.swift */ = {isa = PBXFileReference; lastKnownFileType = sourcecode.swift; path = AppDelegate.swift; sourceTree = "<group>"; };
		E7B0CE3C25B5D0C20065FCC4 /* SceneDelegate.swift */ = {isa = PBXFileReference; lastKnownFileType = sourcecode.swift; path = SceneDelegate.swift; sourceTree = "<group>"; };
		E7B0CE3E25B5D0C20065FCC4 /* ContentView.swift */ = {isa = PBXFileReference; lastKnownFileType = sourcecode.swift; path = ContentView.swift; sourceTree = "<group>"; };
		E7B0CE4125B5D0C20065FCC4 /* MyFavorites.xcdatamodel */ = {isa = PBXFileReference; lastKnownFileType = wrapper.xcdatamodel; path = MyFavorites.xcdatamodel; sourceTree = "<group>"; };
		E7B0CE4325B5D0C30065FCC4 /* Assets.xcassets */ = {isa = PBXFileReference; lastKnownFileType = folder.assetcatalog; path = Assets.xcassets; sourceTree = "<group>"; };
		E7B0CE4625B5D0C30065FCC4 /* Preview Assets.xcassets */ = {isa = PBXFileReference; lastKnownFileType = folder.assetcatalog; path = "Preview Assets.xcassets"; sourceTree = "<group>"; };
		E7B0CE4925B5D0C30065FCC4 /* Base */ = {isa = PBXFileReference; lastKnownFileType = file.storyboard; name = Base; path = Base.lproj/LaunchScreen.storyboard; sourceTree = "<group>"; };
		E7B0CE4B25B5D0C30065FCC4 /* Info.plist */ = {isa = PBXFileReference; lastKnownFileType = text.plist.xml; path = Info.plist; sourceTree = "<group>"; };
		E7B0CE5025B5D0C30065FCC4 /* MyFavoritesTests.xctest */ = {isa = PBXFileReference; explicitFileType = wrapper.cfbundle; includeInIndex = 0; path = MyFavoritesTests.xctest; sourceTree = BUILT_PRODUCTS_DIR; };
		E7B0CE5425B5D0C30065FCC4 /* MyFavoritesTests.swift */ = {isa = PBXFileReference; lastKnownFileType = sourcecode.swift; path = MyFavoritesTests.swift; sourceTree = "<group>"; };
		E7B0CE5625B5D0C30065FCC4 /* Info.plist */ = {isa = PBXFileReference; lastKnownFileType = text.plist.xml; path = Info.plist; sourceTree = "<group>"; };
		E7B0CE5B25B5D0C30065FCC4 /* MyFavoritesUITests.xctest */ = {isa = PBXFileReference; explicitFileType = wrapper.cfbundle; includeInIndex = 0; path = MyFavoritesUITests.xctest; sourceTree = BUILT_PRODUCTS_DIR; };
		E7B0CE5F25B5D0C30065FCC4 /* MyFavoritesUITests.swift */ = {isa = PBXFileReference; lastKnownFileType = sourcecode.swift; path = MyFavoritesUITests.swift; sourceTree = "<group>"; };
		E7B0CE6125B5D0C30065FCC4 /* Info.plist */ = {isa = PBXFileReference; lastKnownFileType = text.plist.xml; path = Info.plist; sourceTree = "<group>"; };
		E7B0CE7025B5D60C0065FCC4 /* TextViews.swift */ = {isa = PBXFileReference; lastKnownFileType = sourcecode.swift; path = TextViews.swift; sourceTree = "<group>"; };
		E7B0CEB825B5EC730065FCC4 /* Constants.swift */ = {isa = PBXFileReference; lastKnownFileType = sourcecode.swift; path = Constants.swift; sourceTree = "<group>"; };
/* End PBXFileReference section */

/* Begin PBXFrameworksBuildPhase section */
		E7B0CE3425B5D0C20065FCC4 /* Frameworks */ = {
			isa = PBXFrameworksBuildPhase;
			buildActionMask = 2147483647;
			files = (
			);
			runOnlyForDeploymentPostprocessing = 0;
		};
		E7B0CE4D25B5D0C30065FCC4 /* Frameworks */ = {
			isa = PBXFrameworksBuildPhase;
			buildActionMask = 2147483647;
			files = (
			);
			runOnlyForDeploymentPostprocessing = 0;
		};
		E7B0CE5825B5D0C30065FCC4 /* Frameworks */ = {
			isa = PBXFrameworksBuildPhase;
			buildActionMask = 2147483647;
			files = (
			);
			runOnlyForDeploymentPostprocessing = 0;
		};
/* End PBXFrameworksBuildPhase section */

/* Begin PBXGroup section */
		E7B0CE2E25B5D0C20065FCC4 = {
			isa = PBXGroup;
			children = (
				E7B0CE3925B5D0C20065FCC4 /* MyFavorites */,
				E7B0CE5325B5D0C30065FCC4 /* MyFavoritesTests */,
				E7B0CE5E25B5D0C30065FCC4 /* MyFavoritesUITests */,
				E7B0CE3825B5D0C20065FCC4 /* Products */,
			);
			sourceTree = "<group>";
		};
		E7B0CE3825B5D0C20065FCC4 /* Products */ = {
			isa = PBXGroup;
			children = (
				E7B0CE3725B5D0C20065FCC4 /* MyFavorites.app */,
				E7B0CE5025B5D0C30065FCC4 /* MyFavoritesTests.xctest */,
				E7B0CE5B25B5D0C30065FCC4 /* MyFavoritesUITests.xctest */,
			);
			name = Products;
			sourceTree = "<group>";
		};
		E7B0CE3925B5D0C20065FCC4 /* MyFavorites */ = {
			isa = PBXGroup;
			children = (
				E7B0CE3A25B5D0C20065FCC4 /* AppDelegate.swift */,
				E7B0CE3C25B5D0C20065FCC4 /* SceneDelegate.swift */,
				E7B0CE3E25B5D0C20065FCC4 /* ContentView.swift */,
				E7B0CE4325B5D0C30065FCC4 /* Assets.xcassets */,
				E7B0CE4825B5D0C30065FCC4 /* LaunchScreen.storyboard */,
				E7B0CE4B25B5D0C30065FCC4 /* Info.plist */,
				E7B0CE4025B5D0C20065FCC4 /* MyFavorites.xcdatamodeld */,
				E7B0CE4525B5D0C30065FCC4 /* Preview Content */,
				E7B0CE7025B5D60C0065FCC4 /* TextViews.swift */,
				E7B0CEB825B5EC730065FCC4 /* Constants.swift */,
			);
			path = MyFavorites;
			sourceTree = "<group>";
		};
		E7B0CE4525B5D0C30065FCC4 /* Preview Content */ = {
			isa = PBXGroup;
			children = (
				E7B0CE4625B5D0C30065FCC4 /* Preview Assets.xcassets */,
			);
			path = "Preview Content";
			sourceTree = "<group>";
		};
		E7B0CE5325B5D0C30065FCC4 /* MyFavoritesTests */ = {
			isa = PBXGroup;
			children = (
				E7B0CE5425B5D0C30065FCC4 /* MyFavoritesTests.swift */,
				E7B0CE5625B5D0C30065FCC4 /* Info.plist */,
			);
			path = MyFavoritesTests;
			sourceTree = "<group>";
		};
		E7B0CE5E25B5D0C30065FCC4 /* MyFavoritesUITests */ = {
			isa = PBXGroup;
			children = (
				E7B0CE5F25B5D0C30065FCC4 /* MyFavoritesUITests.swift */,
				E7B0CE6125B5D0C30065FCC4 /* Info.plist */,
			);
			path = MyFavoritesUITests;
			sourceTree = "<group>";
		};
/* End PBXGroup section */

/* Begin PBXNativeTarget section */
		E7B0CE3625B5D0C20065FCC4 /* MyFavorites */ = {
			isa = PBXNativeTarget;
			buildConfigurationList = E7B0CE6425B5D0C30065FCC4 /* Build configuration list for PBXNativeTarget "MyFavorites" */;
			buildPhases = (
				E7B0CE3325B5D0C20065FCC4 /* Sources */,
				E7B0CE3425B5D0C20065FCC4 /* Frameworks */,
				E7B0CE3525B5D0C20065FCC4 /* Resources */,
			);
			buildRules = (
			);
			dependencies = (
			);
			name = MyFavorites;
			productName = MyFavorites;
			productReference = E7B0CE3725B5D0C20065FCC4 /* MyFavorites.app */;
			productType = "com.apple.product-type.application";
		};
		E7B0CE4F25B5D0C30065FCC4 /* MyFavoritesTests */ = {
			isa = PBXNativeTarget;
			buildConfigurationList = E7B0CE6725B5D0C30065FCC4 /* Build configuration list for PBXNativeTarget "MyFavoritesTests" */;
			buildPhases = (
				E7B0CE4C25B5D0C30065FCC4 /* Sources */,
				E7B0CE4D25B5D0C30065FCC4 /* Frameworks */,
				E7B0CE4E25B5D0C30065FCC4 /* Resources */,
			);
			buildRules = (
			);
			dependencies = (
				E7B0CE5225B5D0C30065FCC4 /* PBXTargetDependency */,
			);
			name = MyFavoritesTests;
			productName = MyFavoritesTests;
			productReference = E7B0CE5025B5D0C30065FCC4 /* MyFavoritesTests.xctest */;
			productType = "com.apple.product-type.bundle.unit-test";
		};
		E7B0CE5A25B5D0C30065FCC4 /* MyFavoritesUITests */ = {
			isa = PBXNativeTarget;
			buildConfigurationList = E7B0CE6A25B5D0C30065FCC4 /* Build configuration list for PBXNativeTarget "MyFavoritesUITests" */;
			buildPhases = (
				E7B0CE5725B5D0C30065FCC4 /* Sources */,
				E7B0CE5825B5D0C30065FCC4 /* Frameworks */,
				E7B0CE5925B5D0C30065FCC4 /* Resources */,
			);
			buildRules = (
			);
			dependencies = (
				E7B0CE5D25B5D0C30065FCC4 /* PBXTargetDependency */,
			);
			name = MyFavoritesUITests;
			productName = MyFavoritesUITests;
			productReference = E7B0CE5B25B5D0C30065FCC4 /* MyFavoritesUITests.xctest */;
			productType = "com.apple.product-type.bundle.ui-testing";
		};
/* End PBXNativeTarget section */

/* Begin PBXProject section */
		E7B0CE2F25B5D0C20065FCC4 /* Project object */ = {
			isa = PBXProject;
			attributes = {
				LastSwiftUpdateCheck = 1230;
				LastUpgradeCheck = 1230;
				TargetAttributes = {
					E7B0CE3625B5D0C20065FCC4 = {
						CreatedOnToolsVersion = 12.3;
					};
					E7B0CE4F25B5D0C30065FCC4 = {
						CreatedOnToolsVersion = 12.3;
						TestTargetID = E7B0CE3625B5D0C20065FCC4;
					};
					E7B0CE5A25B5D0C30065FCC4 = {
						CreatedOnToolsVersion = 12.3;
						TestTargetID = E7B0CE3625B5D0C20065FCC4;
					};
				};
			};
			buildConfigurationList = E7B0CE3225B5D0C20065FCC4 /* Build configuration list for PBXProject "MyFavorites" */;
			compatibilityVersion = "Xcode 9.3";
			developmentRegion = en;
			hasScannedForEncodings = 0;
			knownRegions = (
				en,
				Base,
			);
			mainGroup = E7B0CE2E25B5D0C20065FCC4;
			productRefGroup = E7B0CE3825B5D0C20065FCC4 /* Products */;
			projectDirPath = "";
			projectRoot = "";
			targets = (
				E7B0CE3625B5D0C20065FCC4 /* MyFavorites */,
				E7B0CE4F25B5D0C30065FCC4 /* MyFavoritesTests */,
				E7B0CE5A25B5D0C30065FCC4 /* MyFavoritesUITests */,
			);
		};
/* End PBXProject section */

/* Begin PBXResourcesBuildPhase section */
		E7B0CE3525B5D0C20065FCC4 /* Resources */ = {
			isa = PBXResourcesBuildPhase;
			buildActionMask = 2147483647;
			files = (
				E7B0CE4A25B5D0C30065FCC4 /* LaunchScreen.storyboard in Resources */,
				E7B0CE4725B5D0C30065FCC4 /* Preview Assets.xcassets in Resources */,
				E7B0CE4425B5D0C30065FCC4 /* Assets.xcassets in Resources */,
			);
			runOnlyForDeploymentPostprocessing = 0;
		};
		E7B0CE4E25B5D0C30065FCC4 /* Resources */ = {
			isa = PBXResourcesBuildPhase;
			buildActionMask = 2147483647;
			files = (
			);
			runOnlyForDeploymentPostprocessing = 0;
		};
		E7B0CE5925B5D0C30065FCC4 /* Resources */ = {
			isa = PBXResourcesBuildPhase;
			buildActionMask = 2147483647;
			files = (
			);
			runOnlyForDeploymentPostprocessing = 0;
		};
/* End PBXResourcesBuildPhase section */

/* Begin PBXSourcesBuildPhase section */
		E7B0CE3325B5D0C20065FCC4 /* Sources */ = {
			isa = PBXSourcesBuildPhase;
			buildActionMask = 2147483647;
			files = (
				E7B0CE3B25B5D0C20065FCC4 /* AppDelegate.swift in Sources */,
				E7B0CE4225B5D0C20065FCC4 /* MyFavorites.xcdatamodeld in Sources */,
				E7B0CE3D25B5D0C20065FCC4 /* SceneDelegate.swift in Sources */,
				E7B0CE7125B5D60C0065FCC4 /* TextViews.swift in Sources */,
				E7B0CE3F25B5D0C20065FCC4 /* ContentView.swift in Sources */,
				E7B0CEB925B5EC730065FCC4 /* Constants.swift in Sources */,
			);
			runOnlyForDeploymentPostprocessing = 0;
		};
		E7B0CE4C25B5D0C30065FCC4 /* Sources */ = {
			isa = PBXSourcesBuildPhase;
			buildActionMask = 2147483647;
			files = (
				E7B0CE5525B5D0C30065FCC4 /* MyFavoritesTests.swift in Sources */,
			);
			runOnlyForDeploymentPostprocessing = 0;
		};
		E7B0CE5725B5D0C30065FCC4 /* Sources */ = {
			isa = PBXSourcesBuildPhase;
			buildActionMask = 2147483647;
			files = (
				E7B0CE6025B5D0C30065FCC4 /* MyFavoritesUITests.swift in Sources */,
			);
			runOnlyForDeploymentPostprocessing = 0;
		};
/* End PBXSourcesBuildPhase section */

/* Begin PBXTargetDependency section */
		E7B0CE5225B5D0C30065FCC4 /* PBXTargetDependency */ = {
			isa = PBXTargetDependency;
			target = E7B0CE3625B5D0C20065FCC4 /* MyFavorites */;
			targetProxy = E7B0CE5125B5D0C30065FCC4 /* PBXContainerItemProxy */;
		};
		E7B0CE5D25B5D0C30065FCC4 /* PBXTargetDependency */ = {
			isa = PBXTargetDependency;
			target = E7B0CE3625B5D0C20065FCC4 /* MyFavorites */;
			targetProxy = E7B0CE5C25B5D0C30065FCC4 /* PBXContainerItemProxy */;
		};
/* End PBXTargetDependency section */

/* Begin PBXVariantGroup section */
		E7B0CE4825B5D0C30065FCC4 /* LaunchScreen.storyboard */ = {
			isa = PBXVariantGroup;
			children = (
				E7B0CE4925B5D0C30065FCC4 /* Base */,
			);
			name = LaunchScreen.storyboard;
			sourceTree = "<group>";
		};
/* End PBXVariantGroup section */

/* Begin XCBuildConfiguration section */
		E7B0CE6225B5D0C30065FCC4 /* Debug */ = {
			isa = XCBuildConfiguration;
			buildSettings = {
				ALWAYS_SEARCH_USER_PATHS = NO;
				CLANG_ANALYZER_NONNULL = YES;
				CLANG_ANALYZER_NUMBER_OBJECT_CONVERSION = YES_AGGRESSIVE;
				CLANG_CXX_LANGUAGE_STANDARD = "gnu++14";
				CLANG_CXX_LIBRARY = "libc++";
				CLANG_ENABLE_MODULES = YES;
				CLANG_ENABLE_OBJC_ARC = YES;
				CLANG_ENABLE_OBJC_WEAK = YES;
				CLANG_WARN_BLOCK_CAPTURE_AUTORELEASING = YES;
				CLANG_WARN_BOOL_CONVERSION = YES;
				CLANG_WARN_COMMA = YES;
				CLANG_WARN_CONSTANT_CONVERSION = YES;
				CLANG_WARN_DEPRECATED_OBJC_IMPLEMENTATIONS = YES;
				CLANG_WARN_DIRECT_OBJC_ISA_USAGE = YES_ERROR;
				CLANG_WARN_DOCUMENTATION_COMMENTS = YES;
				CLANG_WARN_EMPTY_BODY = YES;
				CLANG_WARN_ENUM_CONVERSION = YES;
				CLANG_WARN_INFINITE_RECURSION = YES;
				CLANG_WARN_INT_CONVERSION = YES;
				CLANG_WARN_NON_LITERAL_NULL_CONVERSION = YES;
				CLANG_WARN_OBJC_IMPLICIT_RETAIN_SELF = YES;
				CLANG_WARN_OBJC_LITERAL_CONVERSION = YES;
				CLANG_WARN_OBJC_ROOT_CLASS = YES_ERROR;
				CLANG_WARN_QUOTED_INCLUDE_IN_FRAMEWORK_HEADER = YES;
				CLANG_WARN_RANGE_LOOP_ANALYSIS = YES;
				CLANG_WARN_STRICT_PROTOTYPES = YES;
				CLANG_WARN_SUSPICIOUS_MOVE = YES;
				CLANG_WARN_UNGUARDED_AVAILABILITY = YES_AGGRESSIVE;
				CLANG_WARN_UNREACHABLE_CODE = YES;
				CLANG_WARN__DUPLICATE_METHOD_MATCH = YES;
				COPY_PHASE_STRIP = NO;
				DEBUG_INFORMATION_FORMAT = dwarf;
				ENABLE_STRICT_OBJC_MSGSEND = YES;
				ENABLE_TESTABILITY = YES;
				GCC_C_LANGUAGE_STANDARD = gnu11;
				GCC_DYNAMIC_NO_PIC = NO;
				GCC_NO_COMMON_BLOCKS = YES;
				GCC_OPTIMIZATION_LEVEL = 0;
				GCC_PREPROCESSOR_DEFINITIONS = (
					"DEBUG=1",
					"$(inherited)",
				);
				GCC_WARN_64_TO_32_BIT_CONVERSION = YES;
				GCC_WARN_ABOUT_RETURN_TYPE = YES_ERROR;
				GCC_WARN_UNDECLARED_SELECTOR = YES;
				GCC_WARN_UNINITIALIZED_AUTOS = YES_AGGRESSIVE;
				GCC_WARN_UNUSED_FUNCTION = YES;
				GCC_WARN_UNUSED_VARIABLE = YES;
				IPHONEOS_DEPLOYMENT_TARGET = 14.3;
				MTL_ENABLE_DEBUG_INFO = INCLUDE_SOURCE;
				MTL_FAST_MATH = YES;
				ONLY_ACTIVE_ARCH = YES;
				SDKROOT = iphoneos;
				SWIFT_ACTIVE_COMPILATION_CONDITIONS = DEBUG;
				SWIFT_OPTIMIZATION_LEVEL = "-Onone";
			};
			name = Debug;
		};
		E7B0CE6325B5D0C30065FCC4 /* Release */ = {
			isa = XCBuildConfiguration;
			buildSettings = {
				ALWAYS_SEARCH_USER_PATHS = NO;
				CLANG_ANALYZER_NONNULL = YES;
				CLANG_ANALYZER_NUMBER_OBJECT_CONVERSION = YES_AGGRESSIVE;
				CLANG_CXX_LANGUAGE_STANDARD = "gnu++14";
				CLANG_CXX_LIBRARY = "libc++";
				CLANG_ENABLE_MODULES = YES;
				CLANG_ENABLE_OBJC_ARC = YES;
				CLANG_ENABLE_OBJC_WEAK = YES;
				CLANG_WARN_BLOCK_CAPTURE_AUTORELEASING = YES;
				CLANG_WARN_BOOL_CONVERSION = YES;
				CLANG_WARN_COMMA = YES;
				CLANG_WARN_CONSTANT_CONVERSION = YES;
				CLANG_WARN_DEPRECATED_OBJC_IMPLEMENTATIONS = YES;
				CLANG_WARN_DIRECT_OBJC_ISA_USAGE = YES_ERROR;
				CLANG_WARN_DOCUMENTATION_COMMENTS = YES;
				CLANG_WARN_EMPTY_BODY = YES;
				CLANG_WARN_ENUM_CONVERSION = YES;
				CLANG_WARN_INFINITE_RECURSION = YES;
				CLANG_WARN_INT_CONVERSION = YES;
				CLANG_WARN_NON_LITERAL_NULL_CONVERSION = YES;
				CLANG_WARN_OBJC_IMPLICIT_RETAIN_SELF = YES;
				CLANG_WARN_OBJC_LITERAL_CONVERSION = YES;
				CLANG_WARN_OBJC_ROOT_CLASS = YES_ERROR;
				CLANG_WARN_QUOTED_INCLUDE_IN_FRAMEWORK_HEADER = YES;
				CLANG_WARN_RANGE_LOOP_ANALYSIS = YES;
				CLANG_WARN_STRICT_PROTOTYPES = YES;
				CLANG_WARN_SUSPICIOUS_MOVE = YES;
				CLANG_WARN_UNGUARDED_AVAILABILITY = YES_AGGRESSIVE;
				CLANG_WARN_UNREACHABLE_CODE = YES;
				CLANG_WARN__DUPLICATE_METHOD_MATCH = YES;
				COPY_PHASE_STRIP = NO;
				DEBUG_INFORMATION_FORMAT = "dwarf-with-dsym";
				ENABLE_NS_ASSERTIONS = NO;
				ENABLE_STRICT_OBJC_MSGSEND = YES;
				GCC_C_LANGUAGE_STANDARD = gnu11;
				GCC_NO_COMMON_BLOCKS = YES;
				GCC_WARN_64_TO_32_BIT_CONVERSION = YES;
				GCC_WARN_ABOUT_RETURN_TYPE = YES_ERROR;
				GCC_WARN_UNDECLARED_SELECTOR = YES;
				GCC_WARN_UNINITIALIZED_AUTOS = YES_AGGRESSIVE;
				GCC_WARN_UNUSED_FUNCTION = YES;
				GCC_WARN_UNUSED_VARIABLE = YES;
				IPHONEOS_DEPLOYMENT_TARGET = 14.3;
				MTL_ENABLE_DEBUG_INFO = NO;
				MTL_FAST_MATH = YES;
				SDKROOT = iphoneos;
				SWIFT_COMPILATION_MODE = wholemodule;
				SWIFT_OPTIMIZATION_LEVEL = "-O";
				VALIDATE_PRODUCT = YES;
			};
			name = Release;
		};
		E7B0CE6525B5D0C30065FCC4 /* Debug */ = {
			isa = XCBuildConfiguration;
			buildSettings = {
				ASSETCATALOG_COMPILER_APPICON_NAME = AppIcon;
				ASSETCATALOG_COMPILER_GLOBAL_ACCENT_COLOR_NAME = AccentColor;
				CODE_SIGN_STYLE = Automatic;
				DEVELOPMENT_ASSET_PATHS = "\"MyFavorites/Preview Content\"";
				DEVELOPMENT_TEAM = MY6ZXR826D;
				ENABLE_PREVIEWS = YES;
				INFOPLIST_FILE = MyFavorites/Info.plist;
				LD_RUNPATH_SEARCH_PATHS = (
					"$(inherited)",
					"@executable_path/Frameworks",
				);
				PRODUCT_BUNDLE_IDENTIFIER = com.mason.Bullseye.MyFavorites;
				PRODUCT_NAME = "$(TARGET_NAME)";
				SWIFT_VERSION = 5.0;
				TARGETED_DEVICE_FAMILY = "1,2";
			};
			name = Debug;
		};
		E7B0CE6625B5D0C30065FCC4 /* Release */ = {
			isa = XCBuildConfiguration;
			buildSettings = {
				ASSETCATALOG_COMPILER_APPICON_NAME = AppIcon;
				ASSETCATALOG_COMPILER_GLOBAL_ACCENT_COLOR_NAME = AccentColor;
				CODE_SIGN_STYLE = Automatic;
				DEVELOPMENT_ASSET_PATHS = "\"MyFavorites/Preview Content\"";
				DEVELOPMENT_TEAM = MY6ZXR826D;
				ENABLE_PREVIEWS = YES;
				INFOPLIST_FILE = MyFavorites/Info.plist;
				LD_RUNPATH_SEARCH_PATHS = (
					"$(inherited)",
					"@executable_path/Frameworks",
				);
				PRODUCT_BUNDLE_IDENTIFIER = com.mason.Bullseye.MyFavorites;
				PRODUCT_NAME = "$(TARGET_NAME)";
				SWIFT_VERSION = 5.0;
				TARGETED_DEVICE_FAMILY = "1,2";
			};
			name = Release;
		};
		E7B0CE6825B5D0C30065FCC4 /* Debug */ = {
			isa = XCBuildConfiguration;
			buildSettings = {
				ALWAYS_EMBED_SWIFT_STANDARD_LIBRARIES = YES;
				BUNDLE_LOADER = "$(TEST_HOST)";
				CODE_SIGN_STYLE = Automatic;
				DEVELOPMENT_TEAM = MY6ZXR826D;
				INFOPLIST_FILE = MyFavoritesTests/Info.plist;
				IPHONEOS_DEPLOYMENT_TARGET = 14.3;
				LD_RUNPATH_SEARCH_PATHS = (
					"$(inherited)",
					"@executable_path/Frameworks",
					"@loader_path/Frameworks",
				);
				PRODUCT_BUNDLE_IDENTIFIER = com.mason.Bullseye.MyFavoritesTests;
				PRODUCT_NAME = "$(TARGET_NAME)";
				SWIFT_VERSION = 5.0;
				TARGETED_DEVICE_FAMILY = "1,2";
				TEST_HOST = "$(BUILT_PRODUCTS_DIR)/MyFavorites.app/MyFavorites";
			};
			name = Debug;
		};
		E7B0CE6925B5D0C30065FCC4 /* Release */ = {
			isa = XCBuildConfiguration;
			buildSettings = {
				ALWAYS_EMBED_SWIFT_STANDARD_LIBRARIES = YES;
				BUNDLE_LOADER = "$(TEST_HOST)";
				CODE_SIGN_STYLE = Automatic;
				DEVELOPMENT_TEAM = MY6ZXR826D;
				INFOPLIST_FILE = MyFavoritesTests/Info.plist;
				IPHONEOS_DEPLOYMENT_TARGET = 14.3;
				LD_RUNPATH_SEARCH_PATHS = (
					"$(inherited)",
					"@executable_path/Frameworks",
					"@loader_path/Frameworks",
				);
				PRODUCT_BUNDLE_IDENTIFIER = com.mason.Bullseye.MyFavoritesTests;
				PRODUCT_NAME = "$(TARGET_NAME)";
				SWIFT_VERSION = 5.0;
				TARGETED_DEVICE_FAMILY = "1,2";
				TEST_HOST = "$(BUILT_PRODUCTS_DIR)/MyFavorites.app/MyFavorites";
			};
			name = Release;
		};
		E7B0CE6B25B5D0C30065FCC4 /* Debug */ = {
			isa = XCBuildConfiguration;
			buildSettings = {
				ALWAYS_EMBED_SWIFT_STANDARD_LIBRARIES = YES;
				CODE_SIGN_STYLE = Automatic;
				DEVELOPMENT_TEAM = MY6ZXR826D;
				INFOPLIST_FILE = MyFavoritesUITests/Info.plist;
				LD_RUNPATH_SEARCH_PATHS = (
					"$(inherited)",
					"@executable_path/Frameworks",
					"@loader_path/Frameworks",
				);
				PRODUCT_BUNDLE_IDENTIFIER = com.mason.Bullseye.MyFavoritesUITests;
				PRODUCT_NAME = "$(TARGET_NAME)";
				SWIFT_VERSION = 5.0;
				TARGETED_DEVICE_FAMILY = "1,2";
				TEST_TARGET_NAME = MyFavorites;
			};
			name = Debug;
		};
		E7B0CE6C25B5D0C30065FCC4 /* Release */ = {
			isa = XCBuildConfiguration;
			buildSettings = {
				ALWAYS_EMBED_SWIFT_STANDARD_LIBRARIES = YES;
				CODE_SIGN_STYLE = Automatic;
				DEVELOPMENT_TEAM = MY6ZXR826D;
				INFOPLIST_FILE = MyFavoritesUITests/Info.plist;
				LD_RUNPATH_SEARCH_PATHS = (
					"$(inherited)",
					"@executable_path/Frameworks",
					"@loader_path/Frameworks",
				);
				PRODUCT_BUNDLE_IDENTIFIER = com.mason.Bullseye.MyFavoritesUITests;
				PRODUCT_NAME = "$(TARGET_NAME)";
				SWIFT_VERSION = 5.0;
				TARGETED_DEVICE_FAMILY = "1,2";
				TEST_TARGET_NAME = MyFavorites;
			};
			name = Release;
		};
/* End XCBuildConfiguration section */

/* Begin XCConfigurationList section */
		E7B0CE3225B5D0C20065FCC4 /* Build configuration list for PBXProject "MyFavorites" */ = {
			isa = XCConfigurationList;
			buildConfigurations = (
				E7B0CE6225B5D0C30065FCC4 /* Debug */,
				E7B0CE6325B5D0C30065FCC4 /* Release */,
			);
			defaultConfigurationIsVisible = 0;
			defaultConfigurationName = Release;
		};
		E7B0CE6425B5D0C30065FCC4 /* Build configuration list for PBXNativeTarget "MyFavorites" */ = {
			isa = XCConfigurationList;
			buildConfigurations = (
				E7B0CE6525B5D0C30065FCC4 /* Debug */,
				E7B0CE6625B5D0C30065FCC4 /* Release */,
			);
			defaultConfigurationIsVisible = 0;
			defaultConfigurationName = Release;
		};
		E7B0CE6725B5D0C30065FCC4 /* Build configuration list for PBXNativeTarget "MyFavoritesTests" */ = {
			isa = XCConfigurationList;
			buildConfigurations = (
				E7B0CE6825B5D0C30065FCC4 /* Debug */,
				E7B0CE6925B5D0C30065FCC4 /* Release */,
			);
			defaultConfigurationIsVisible = 0;
			defaultConfigurationName = Release;
		};
		E7B0CE6A25B5D0C30065FCC4 /* Build configuration list for PBXNativeTarget "MyFavoritesUITests" */ = {
			isa = XCConfigurationList;
			buildConfigurations = (
				E7B0CE6B25B5D0C30065FCC4 /* Debug */,
				E7B0CE6C25B5D0C30065FCC4 /* Release */,
			);
			defaultConfigurationIsVisible = 0;
			defaultConfigurationName = Release;
		};
/* End XCConfigurationList section */

/* Begin XCVersionGroup section */
		E7B0CE4025B5D0C20065FCC4 /* MyFavorites.xcdatamodeld */ = {
			isa = XCVersionGroup;
			children = (
				E7B0CE4125B5D0C20065FCC4 /* MyFavorites.xcdatamodel */,
			);
			currentVersion = E7B0CE4125B5D0C20065FCC4 /* MyFavorites.xcdatamodel */;
			path = MyFavorites.xcdatamodeld;
			sourceTree = "<group>";
			versionGroupType = wrapper.xcdatamodel;
		};
/* End XCVersionGroup section */
	};
	rootObject = E7B0CE2F25B5D0C20065FCC4 /* Project object */;
}
